
Microsoft Visual Studio Solution File, Format Version 12.00
# Visual Studio Version 16
VisualStudioVersion = 16.0.31005.135
MinimumVisualStudioVersion = 10.0.40219.1
Project("{FAE04EC0-301F-11D3-BF4B-00C04F79EFBC}") = "JWT_Authentication_Framework", "JWT_Authentication_Framework\JWT_Authentication_Framework.csproj", "{F2D652FF-C829-4DD6-8038-50253369079C}"
EndProject
Project("{FAE04EC0-301F-11D3-BF4B-00C04F79EFBC}") = "OAuth", "OAuth\OAuth.csproj", "{89EC656E-1987-4768-B6C8-63895AD6E566}"
EndProject
Global
	GlobalSection(SolutionConfigurationPlatforms) = preSolution
		Debug|Any CPU = Debug|Any CPU
		Release|Any CPU = Release|Any CPU
	EndGlobalSection
	GlobalSection(ProjectConfigurationPlatforms) = postSolution
		{F2D652FF-C829-4DD6-8038-50253369079C}.Debug|Any CPU.ActiveCfg = Debug|Any CPU
		{F2D652FF-C829-4DD6-8038-50253369079C}.Debug|Any CPU.Build.0 = Debug|Any CPU
		{F2D652FF-C829-4DD6-8038-50253369079C}.Release|Any CPU.ActiveCfg = Release|Any CPU
		{F2D652FF-C829-4DD6-8038-50253369079C}.Release|Any CPU.Build.0 = Release|Any CPU
		{89EC656E-1987-4768-B6C8-63895AD6E566}.Debug|Any CPU.ActiveCfg = Debug|Any CPU
		{89EC656E-1987-4768-B6C8-63895AD6E566}.Debug|Any CPU.Build.0 = Debug|Any CPU
		{89EC656E-1987-4768-B6C8-63895AD6E566}.Release|Any CPU.ActiveCfg = Release|Any CPU
		{89EC656E-1987-4768-B6C8-63895AD6E566}.Release|Any CPU.Build.0 = Release|Any CPU
	EndGlobalSection
	GlobalSection(SolutionProperties) = preSolution
		HideSolutionNode = FALSE
	EndGlobalSection
	GlobalSection(ExtensibilityGlobals) = postSolution
		SolutionGuid = {5FF8FCB3-8565-4F56-839E-F167BB8F23CD}
	EndGlobalSection
EndGlobal
